{
    "_readme": [
        "This file locks the dependencies of your project to a known state",
        "Read more about it at https://getcomposer.org/doc/01-basic-usage.md#installing-dependencies",
        "This file is @generated automatically"
    ],
    "content-hash": "c95ce2b271fe2232518a59dacabc5e2f",
    "packages": [
        {
            "name": "theusdido/miles-library",
            "version": "v1.0.6",
            "source": {
                "type": "git",
                "url": "https://github.com/theusdido/miles-library.git",
                "reference": "0c5fc71d814cef334a2b20ec333e5d674b9ce6b7"
            },
            "dist": {
                "type": "zip",
                "url": "https://api.github.com/repos/theusdido/miles-library/zipball/0c5fc71d814cef334a2b20ec333e5d674b9ce6b7",
                "reference": "0c5fc71d814cef334a2b20ec333e5d674b9ce6b7",
                "shasum": ""
            },
            "require": {
                "php": ">=7.2"
            },
            "type": "library",
            "autoload": {
                "psr-4": {
                    "\\theusdido\\miles-library\\": ""
                }
            },
            "notification-url": "https://packagist.org/downloads/",
            "license": [
                "GPL-3.0-or-later"
            ],
            "authors": [
                {
                    "name": "Edilson Bitencourt - @theusdido",
                    "email": "edilson@teia.tec.br",
                    "homepage": "https://github.com/theusdido",
                    "role": "Fuonder"
                },
                {
                    "name": "Bianca Peruchi Cardoso - @biancaperuchi",
                    "email": "bianca_hotmail@hotmail.com",
                    "homepage": "https://github.com/biancaperuchi",
                    "role": "Manager"
                },
                {
                    "name": "Talles Machado Rodrigues - @TallesMR",
                    "email": "tallesmachadorodrigues@gmail.com",
                    "homepage": "https://github.com/TallesMR",
                    "role": "Developer"
                },
                {
                    "name": "Eliton dos Santos José - @elitonDSJ",
                    "email": "elitondsj@gmail.com",
                    "homepage": "https://github.com/elitonDSJ",
                    "role": "Developer"
                },
                {
                    "name": "Luan Zelinski Corrêa - @luanzelinskicorrea",
                    "email": "comercialluanzc@gmail.com",
                    "homepage": "https://github.com/luanzelinskicorrea",
                    "role": "Developer"
                },
                {
                    "name": "Emanuel Borges Albano - @Necobgs",
                    "email": "emanuelborgesdev@gmail.com",
                    "homepage": "https://github.com/necobgs",
                    "role": "Developer"
                },
                {
                    "name": "Daniela Sommacal- @dmsommacal",
                    "email": "dmsommacal@gmail.com",
                    "homepage": "https://github.com/dmsommacal",
                    "role": "Contributor"
                },
                {
                    "name": "Jair Felipe Peruchi Cardoso",
                    "role": "Contributor"
                }
            ],
            "description": "Miles Framework - Fast development for back end.",
            "support": {
                "issues": "https://github.com/theusdido/miles-library/issues",
                "source": "https://github.com/theusdido/miles-library/tree/v1.0.6"
            },
            "time": "2022-11-07T10:38:30+00:00"
        }
    ],
    "packages-dev": [],
    "aliases": [],
    "minimum-stability": "stable",
    "stability-flags": [],
    "prefer-stable": false,
    "prefer-lowest": false,
    "platform": [],
    "platform-dev": [],
    "plugin-api-version": "2.2.0"
}
